github.com/hugomods/bootstrap v0.22.2 h1:wdZbyx/kLs3WH33pdDBmo/MH+42TTZzMtF0bH7otNXs=
github.com/hugomods/bootstrap v0.22.2/go.mod h1:daEkGLSsmfI8vQ1SjKR7KELPSrm1G+yUnTptKdRxFN0=
github.com/hugomods/icons v0.6.4 h1:SeDMpN2kjc8mbuXfi8zED4IN5IGZmqJdmmUQr9tIpxw=
github.com/hugomods/icons v0.6.4/go.mod h1:cIkSvK6W0q6N4U6n9KGz+QfRWQXAW0INd+1P31gPNGg=
github.com/hugomods/icons/vendors/bootstrap v0.5.7 h1:k2oXx7EOqiqPv9SRb2mtSiPtdWMQUFhtwE3kd0+5QK4=
github.com/hugomods/icons/vendors/bootstrap v0.5.7/go.mod h1:bTxiIPJ/idHEc35EtvtwSODLpjI+R54BkGdikO3gCmY=
github.com/hugomods/icons/vendors/lucide v0.3.38 h1:Tgd7ukLN41MSEsYOHJfkHp9Uyn9zH3r8GqC5HycNAk4=
github.com/hugomods/icons/vendors/lucide v0.3.38/go.mod h1:SE34c2Z0QmYILU9gKRyU++s7Tra8datrpuVQaClX3so=
github.com/hugomods/icons/vendors/tabler v0.15.34 h1:kxKSDbImH3TmsrtSjOQ+E3AkxMlTPEibm2s/8vWbLo4=
github.com/hugomods/icons/vendors/tabler v0.15.34/go.mod h1:5VgyIctpHkFokgEFdsxbsko7k2UvUhkO/rXKf1AvQ1M=
github.com/hugomods/images v0.11.0 h1:njtKxqLmKIRXwzriosh13aj9BK3iBgJXeQFpYXIzQTM=
github.com/hugomods/images v0.11.0/go.mod h1:U6Gwj16LKvk66rOMyGFrnF6f0aV8lT89lqOsckOAjYY=
github.com/hugomods/katex v0.3.2 h1:ETXxFxxu9P8FbkYwWqgWE0/7tpQTDXm6YG7XrXiTwvE=
github.com/hugomods/katex v0.3.2/go.mod h1:i+fKI52f3QbiuK0ug5yRCB9ZJ/qUFERTk8UGuSZMQNQ=
